
Microsoft Visual Studio Solution File, Format Version 12.00
# Visual Studio Version 17
VisualStudioVersion = 17.9.34902.65
MinimumVisualStudioVersion = 10.0.40219.1
Project("{FAE04EC0-301F-11D3-BF4B-00C04F79EFBC}") = "BackOffice", "BackOffice\BackOffice\BackOffice.csproj", "{7638D97F-B7D9-4062-9214-30D55963A4DE}"
EndProject
Project("{FAE04EC0-301F-11D3-BF4B-00C04F79EFBC}") = "BackOffice.Client", "BackOffice\BackOffice.Client\BackOffice.Client.csproj", "{4266D385-B022-4112-9127-D283FB7E7761}"
EndProject
Global
	GlobalSection(SolutionConfigurationPlatforms) = preSolution
		Debug|Any CPU = Debug|Any CPU
		Release|Any CPU = Release|Any CPU
	EndGlobalSection
	GlobalSection(ProjectConfigurationPlatforms) = postSolution
		{7638D97F-B7D9-4062-9214-30D55963A4DE}.Debug|Any CPU.ActiveCfg = Debug|Any CPU
		{7638D97F-B7D9-4062-9214-30D55963A4DE}.Debug|Any CPU.Build.0 = Debug|Any CPU
		{7638D97F-B7D9-4062-9214-30D55963A4DE}.Release|Any CPU.ActiveCfg = Release|Any CPU
		{7638D97F-B7D9-4062-9214-30D55963A4DE}.Release|Any CPU.Build.0 = Release|Any CPU
		{4266D385-B022-4112-9127-D283FB7E7761}.Debug|Any CPU.ActiveCfg = Debug|Any CPU
		{4266D385-B022-4112-9127-D283FB7E7761}.Debug|Any CPU.Build.0 = Debug|Any CPU
		{4266D385-B022-4112-9127-D283FB7E7761}.Release|Any CPU.ActiveCfg = Release|Any CPU
		{4266D385-B022-4112-9127-D283FB7E7761}.Release|Any CPU.Build.0 = Release|Any CPU
	EndGlobalSection
	GlobalSection(SolutionProperties) = preSolution
		HideSolutionNode = FALSE
	EndGlobalSection
	GlobalSection(ExtensibilityGlobals) = postSolution
		SolutionGuid = {69B968DF-198E-427C-BFAF-595155161151}
	EndGlobalSection
EndGlobal
